
Microsoft Visual Studio Solution File, Format Version 12.00
# Visual Studio Version 17
VisualStudioVersion = 17.10.35122.118
MinimumVisualStudioVersion = 10.0.40219.1
Project("{9A19103F-16F7-4668-BE54-9A1E7A4F7556}") = "SerialPortCommunicator.Core", "SerialPortCommunicator.Core\SerialPortCommunicator.Core.csproj", "{47BB87E2-3913-47A5-944E-8B5B93D7775C}"
EndProject
Project("{9A19103F-16F7-4668-BE54-9A1E7A4F7556}") = "SerialPortCommunicator.Examples", "SerialPortCommunicator.Examples\SerialPortCommunicator.Examples.csproj", "{069BBCFD-67C9-46ED-9906-023CBBB39FE4}"
EndProject
Project("{9A19103F-16F7-4668-BE54-9A1E7A4F7556}") = "SerialPortCommunicator.VirtualSerialPortDeviceEmulator", "SerialPortCommunicator.VirtualSerialPortDeviceEmulator\SerialPortCommunicator.VirtualSerialPortDeviceEmulator.csproj", "{74490B93-211E-4A07-A1B7-6DE08E8B7E6F}"
EndProject
Global
	GlobalSection(SolutionConfigurationPlatforms) = preSolution
		Debug|Any CPU = Debug|Any CPU
		Release|Any CPU = Release|Any CPU
	EndGlobalSection
	GlobalSection(ProjectConfigurationPlatforms) = postSolution
		{47BB87E2-3913-47A5-944E-8B5B93D7775C}.Debug|Any CPU.ActiveCfg = Debug|Any CPU
		{47BB87E2-3913-47A5-944E-8B5B93D7775C}.Debug|Any CPU.Build.0 = Debug|Any CPU
		{47BB87E2-3913-47A5-944E-8B5B93D7775C}.Release|Any CPU.ActiveCfg = Release|Any CPU
		{47BB87E2-3913-47A5-944E-8B5B93D7775C}.Release|Any CPU.Build.0 = Release|Any CPU
		{069BBCFD-67C9-46ED-9906-023CBBB39FE4}.Debug|Any CPU.ActiveCfg = Debug|Any CPU
		{069BBCFD-67C9-46ED-9906-023CBBB39FE4}.Debug|Any CPU.Build.0 = Debug|Any CPU
		{069BBCFD-67C9-46ED-9906-023CBBB39FE4}.Release|Any CPU.ActiveCfg = Release|Any CPU
		{069BBCFD-67C9-46ED-9906-023CBBB39FE4}.Release|Any CPU.Build.0 = Release|Any CPU
		{74490B93-211E-4A07-A1B7-6DE08E8B7E6F}.Debug|Any CPU.ActiveCfg = Debug|Any CPU
		{74490B93-211E-4A07-A1B7-6DE08E8B7E6F}.Debug|Any CPU.Build.0 = Debug|Any CPU
		{74490B93-211E-4A07-A1B7-6DE08E8B7E6F}.Release|Any CPU.ActiveCfg = Release|Any CPU
		{74490B93-211E-4A07-A1B7-6DE08E8B7E6F}.Release|Any CPU.Build.0 = Release|Any CPU
	EndGlobalSection
	GlobalSection(SolutionProperties) = preSolution
		HideSolutionNode = FALSE
	EndGlobalSection
	GlobalSection(ExtensibilityGlobals) = postSolution
		SolutionGuid = {F807DBD2-A95E-4CDE-B0D4-A48AAA22DEFF}
	EndGlobalSection
EndGlobal
